// !$*UTF8*$!
{
	archiveVersion = 1;
	classes = {
	};
	objectVersion = 46;
	objects = {

/* Begin PBXBuildFile section */
		A10AE5B41CD07CF200EB89A3 /* main.m in Sources */ = {isa = PBXBuildFile; fileRef = A10AE5B31CD07CF200EB89A3 /* main.m */; };
		A10AE5B71CD07CF200EB89A3 /* AppDelegate.m in Sources */ = {isa = PBXBuildFile; fileRef = A10AE5B61CD07CF200EB89A3 /* AppDelegate.m */; };
		A10AE5BA1CD07CF200EB89A3 /* ViewController.m in Sources */ = {isa = PBXBuildFile; fileRef = A10AE5B91CD07CF200EB89A3 /* ViewController.m */; };
		A10AE5BD1CD07CF200EB89A3 /* Main.storyboard in Resources */ = {isa = PBXBuildFile; fileRef = A10AE5BB1CD07CF200EB89A3 /* Main.storyboard */; };
		A10AE5BF1CD07CF200EB89A3 /* Assets.xcassets in Resources */ = {isa = PBXBuildFile; fileRef = A10AE5BE1CD07CF200EB89A3 /* Assets.xcassets */; };
		A10AE5C21CD07CF200EB89A3 /* LaunchScreen.storyboard in Resources */ = {isa = PBXBuildFile; fileRef = A10AE5C01CD07CF200EB89A3 /* LaunchScreen.storyboard */; };
		A10AE5CB1CD07D1400EB89A3 /* NWDropDownMenu.m in Sources */ = {isa = PBXBuildFile; fileRef = A10AE5CA1CD07D1400EB89A3 /* NWDropDownMenu.m */; };
		A10AE5CD1CD07D3E00EB89A3 /* NWDropDownMenu.xib in Resources */ = {isa = PBXBuildFile; fileRef = A10AE5CC1CD07D3E00EB89A3 /* NWDropDownMenu.xib */; };
/* End PBXBuildFile section */

/* Begin PBXFileReference section */
		A10AE5AF1CD07CF200EB89A3 /* NWDropDownMenu.app */ = {isa = PBXFileReference; explicitFileType = wrapper.application; includeInIndex = 0; path = NWDropDownMenu.app; sourceTree = BUILT_PRODUCTS_DIR; };
		A10AE5B31CD07CF200EB89A3 /* main.m */ = {isa = PBXFileReference; lastKnownFileType = sourcecode.c.objc; path = main.m; sourceTree = "<group>"; };
		A10AE5B51CD07CF200EB89A3 /* AppDelegate.h */ = {isa = PBXFileReference; lastKnownFileType = sourcecode.c.h; path = AppDelegate.h; sourceTree = "<group>"; };
		A10AE5B61CD07CF200EB89A3 /* AppDelegate.m */ = {isa = PBXFileReference; lastKnownFileType = sourcecode.c.objc; path = AppDelegate.m; sourceTree = "<group>"; };
		A10AE5B81CD07CF200EB89A3 /* ViewController.h */ = {isa = PBXFileReference; lastKnownFileType = sourcecode.c.h; path = ViewController.h; sourceTree = "<group>"; };
		A10AE5B91CD07CF200EB89A3 /* ViewController.m */ = {isa = PBXFileReference; lastKnownFileType = sourcecode.c.objc; path = ViewController.m; sourceTree = "<group>"; };
		A10AE5BC1CD07CF200EB89A3 /* Base */ = {isa = PBXFileReference; lastKnownFileType = file.storyboard; name = Base; path = Base.lproj/Main.storyboard; sourceTree = "<group>"; };
		A10AE5BE1CD07CF200EB89A3 /* Assets.xcassets */ = {isa = PBXFileReference; lastKnownFileType = folder.assetcatalog; path = Assets.xcassets; sourceTree = "<group>"; };
		A10AE5C11CD07CF200EB89A3 /* Base */ = {isa = PBXFileReference; lastKnownFileType = file.storyboard; name = Base; path = Base.lproj/LaunchScreen.storyboard; sourceTree = "<group>"; };
		A10AE5C31CD07CF200EB89A3 /* Info.plist */ = {isa = PBXFileReference; lastKnownFileType = text.plist.xml; path = Info.plist; sourceTree = "<group>"; };
		A10AE5C91CD07D1400EB89A3 /* NWDropDownMenu.h */ = {isa = PBXFileReference; fileEncoding = 4; lastKnownFileType = sourcecode.c.h; path = NWDropDownMenu.h; sourceTree = "<group>"; };
		A10AE5CA1CD07D1400EB89A3 /* NWDropDownMenu.m */ = {isa = PBXFileReference; fileEncoding = 4; lastKnownFileType = sourcecode.c.objc; path = NWDropDownMenu.m; sourceTree = "<group>"; };
		A10AE5CC1CD07D3E00EB89A3 /* NWDropDownMenu.xib */ = {isa = PBXFileReference; fileEncoding = 4; lastKnownFileType = file.xib; path = NWDropDownMenu.xib; sourceTree = "<group>"; };
/* End PBXFileReference section */

/* Begin PBXFrameworksBuildPhase section */
		A10AE5AC1CD07CF200EB89A3 /* Frameworks */ = {
			isa = PBXFrameworksBuildPhase;
			buildActionMask = 2147483647;
			files = (
			);
			runOnlyForDeploymentPostprocessing = 0;
		};
/* End PBXFrameworksBuildPhase section */

/* Begin PBXGroup section */
		A10AE5A61CD07CF200EB89A3 = {
			isa = PBXGroup;
			children = (
				A10AE5B11CD07CF200EB89A3 /* NWDropDownMenu */,
				A10AE5B01CD07CF200EB89A3 /* Products */,
			);
			sourceTree = "<group>";
		};
		A10AE5B01CD07CF200EB89A3 /* Products */ = {
			isa = PBXGroup;
			children = (
				A10AE5AF1CD07CF200EB89A3 /* NWDropDownMenu.app */,
			);
			name = Products;
			sourceTree = "<group>";
		};
		A10AE5B11CD07CF200EB89A3 /* NWDropDownMenu */ = {
			isa = PBXGroup;
			children = (
				A10AE5B51CD07CF200EB89A3 /* AppDelegate.h */,
				A10AE5B61CD07CF200EB89A3 /* AppDelegate.m */,
				A10AE5B81CD07CF200EB89A3 /* ViewController.h */,
				A10AE5B91CD07CF200EB89A3 /* ViewController.m */,
				A10AE5C91CD07D1400EB89A3 /* NWDropDownMenu.h */,
				A10AE5CA1CD07D1400EB89A3 /* NWDropDownMenu.m */,
				A10AE5CC1CD07D3E00EB89A3 /* NWDropDownMenu.xib */,
				A10AE5BB1CD07CF200EB89A3 /* Main.storyboard */,
				A10AE5BE1CD07CF200EB89A3 /* Assets.xcassets */,
				A10AE5C01CD07CF200EB89A3 /* LaunchScreen.storyboard */,
				A10AE5C31CD07CF200EB89A3 /* Info.plist */,
				A10AE5B21CD07CF200EB89A3 /* Supporting Files */,
			);
			path = NWDropDownMenu;
			sourceTree = "<group>";
		};
		A10AE5B21CD07CF200EB89A3 /* Supporting Files */ = {
			isa = PBXGroup;
			children = (
				A10AE5B31CD07CF200EB89A3 /* main.m */,
			);
			name = "Supporting Files";
			sourceTree = "<group>";
		};
/* End PBXGroup section */

/* Begin PBXNativeTarget section */
		A10AE5AE1CD07CF200EB89A3 /* NWDropDownMenu */ = {
			isa = PBXNativeTarget;
			buildConfigurationList = A10AE5C61CD07CF200EB89A3 /* Build configuration list for PBXNativeTarget "NWDropDownMenu" */;
			buildPhases = (
				A10AE5AB1CD07CF200EB89A3 /* Sources */,
				A10AE5AC1CD07CF200EB89A3 /* Frameworks */,
				A10AE5AD1CD07CF200EB89A3 /* Resources */,
			);
			buildRules = (
			);
			dependencies = (
			);
			name = NWDropDownMenu;
			productName = NWDropDownMenu;
			productReference = A10AE5AF1CD07CF200EB89A3 /* NWDropDownMenu.app */;
			productType = "com.apple.product-type.application";
		};
/* End PBXNativeTarget section */

/* Begin PBXProject section */
		A10AE5A71CD07CF200EB89A3 /* Project object */ = {
			isa = PBXProject;
			attributes = {
				LastUpgradeCheck = 0730;
				ORGANIZATIONNAME = tongxijie;
				TargetAttributes = {
					A10AE5AE1CD07CF200EB89A3 = {
						CreatedOnToolsVersion = 7.3;
					};
				};
			};
			buildConfigurationList = A10AE5AA1CD07CF200EB89A3 /* Build configuration list for PBXProject "NWDropDownMenu" */;
			compatibilityVersion = "Xcode 3.2";
			developmentRegion = English;
			hasScannedForEncodings = 0;
			knownRegions = (
				en,
				Base,
			);
			mainGroup = A10AE5A61CD07CF200EB89A3;
			productRefGroup = A10AE5B01CD07CF200EB89A3 /* Products */;
			projectDirPath = "";
			projectRoot = "";
			targets = (
				A10AE5AE1CD07CF200EB89A3 /* NWDropDownMenu */,
			);
		};
/* End PBXProject section */

/* Begin PBXResourcesBuildPhase section */
		A10AE5AD1CD07CF200EB89A3 /* Resources */ = {
			isa = PBXResourcesBuildPhase;
			buildActionMask = 2147483647;
			files = (
				A10AE5C21CD07CF200EB89A3 /* LaunchScreen.storyboard in Resources */,
				A10AE5BF1CD07CF200EB89A3 /* Assets.xcassets in Resources */,
				A10AE5CD1CD07D3E00EB89A3 /* NWDropDownMenu.xib in Resources */,
				A10AE5BD1CD07CF200EB89A3 /* Main.storyboard in Resources */,
			);
			runOnlyForDeploymentPostprocessing = 0;
		};
/* End PBXResourcesBuildPhase section */

/* Begin PBXSourcesBuildPhase section */
		A10AE5AB1CD07CF200EB89A3 /* Sources */ = {
			isa = PBXSourcesBuildPhase;
			buildActionMask = 2147483647;
			files = (
				A10AE5BA1CD07CF200EB89A3 /* ViewController.m in Sources */,
				A10AE5B71CD07CF200EB89A3 /* AppDelegate.m in Sources */,
				A10AE5CB1CD07D1400EB89A3 /* NWDropDownMenu.m in Sources */,
				A10AE5B41CD07CF200EB89A3 /* main.m in Sources */,
			);
			runOnlyForDeploymentPostprocessing = 0;
		};
/* End PBXSourcesBuildPhase section */

/* Begin PBXVariantGroup section */
		A10AE5BB1CD07CF200EB89A3 /* Main.storyboard */ = {
			isa = PBXVariantGroup;
			children = (
				A10AE5BC1CD07CF200EB89A3 /* Base */,
			);
			name = Main.storyboard;
			sourceTree = "<group>";
		};
		A10AE5C01CD07CF200EB89A3 /* LaunchScreen.storyboard */ = {
			isa = PBXVariantGroup;
			children = (
				A10AE5C11CD07CF200EB89A3 /* Base */,
			);
			name = LaunchScreen.storyboard;
			sourceTree = "<group>";
		};
/* End PBXVariantGroup section */

/* Begin XCBuildConfiguration section */
		A10AE5C41CD07CF200EB89A3 /* Debug */ = {
			isa = XCBuildConfiguration;
			buildSettings = {
				ALWAYS_SEARCH_USER_PATHS = NO;
				CLANG_ANALYZER_NONNULL = YES;
				CLANG_CXX_LANGUAGE_STANDARD = "gnu++0x";
				CLANG_CXX_LIBRARY = "libc++";
				CLANG_ENABLE_MODULES = YES;
				CLANG_ENABLE_OBJC_ARC = YES;
				CLANG_WARN_BOOL_CONVERSION = YES;
				CLANG_WARN_CONSTANT_CONVERSION = YES;
				CLANG_WARN_DIRECT_OBJC_ISA_USAGE = YES_ERROR;
				CLANG_WARN_EMPTY_BODY = YES;
				CLANG_WARN_ENUM_CONVERSION = YES;
				CLANG_WARN_INT_CONVERSION = YES;
				CLANG_WARN_OBJC_ROOT_CLASS = YES_ERROR;
				CLANG_WARN_UNREACHABLE_CODE = YES;
				CLANG_WARN__DUPLICATE_METHOD_MATCH = YES;
				"CODE_SIGN_IDENTITY[sdk=iphoneos*]" = "iPhone Developer";
				COPY_PHASE_STRIP = NO;
				DEBUG_INFORMATION_FORMAT = dwarf;
				ENABLE_STRICT_OBJC_MSGSEND = YES;
				ENABLE_TESTABILITY = YES;
				GCC_C_LANGUAGE_STANDARD = gnu99;
				GCC_DYNAMIC_NO_PIC = NO;
				GCC_NO_COMMON_BLOCKS = YES;
				GCC_OPTIMIZATION_LEVEL = 0;
				GCC_PREPROCESSOR_DEFINITIONS = (
					"DEBUG=1",
					"$(inherited)",
				);
				GCC_WARN_64_TO_32_BIT_CONVERSION = YES;
				GCC_WARN_ABOUT_RETURN_TYPE = YES_ERROR;
				GCC_WARN_UNDECLARED_SELECTOR = YES;
				GCC_WARN_UNINITIALIZED_AUTOS = YES_AGGRESSIVE;
				GCC_WARN_UNUSED_FUNCTION = YES;
				GCC_WARN_UNUSED_VARIABLE = YES;
				IPHONEOS_DEPLOYMENT_TARGET = 9.3;
				MTL_ENABLE_DEBUG_INFO = YES;
				ONLY_ACTIVE_ARCH = YES;
				SDKROOT = iphoneos;
				TARGETED_DEVICE_FAMILY = "1,2";
			};
			name = Debug;
		};
		A10AE5C51CD07CF200EB89A3 /* Release */ = {
			isa = XCBuildConfiguration;
			buildSettings = {
				ALWAYS_SEARCH_USER_PATHS = NO;
				CLANG_ANALYZER_NONNULL = YES;
				CLANG_CXX_LANGUAGE_STANDARD = "gnu++0x";
				CLANG_CXX_LIBRARY = "libc++";
				CLANG_ENABLE_MODULES = YES;
				CLANG_ENABLE_OBJC_ARC = YES;
				CLANG_WARN_BOOL_CONVERSION = YES;
				CLANG_WARN_CONSTANT_CONVERSION = YES;
				CLANG_WARN_DIRECT_OBJC_ISA_USAGE = YES_ERROR;
				CLANG_WARN_EMPTY_BODY = YES;
				CLANG_WARN_ENUM_CONVERSION = YES;
				CLANG_WARN_INT_CONVERSION = YES;
				CLANG_WARN_OBJC_ROOT_CLASS = YES_ERROR;
				CLANG_WARN_UNREACHABLE_CODE = YES;
				CLANG_WARN__DUPLICATE_METHOD_MATCH = YES;
				"CODE_SIGN_IDENTITY[sdk=iphoneos*]" = "iPhone Developer";
				COPY_PHASE_STRIP = NO;
				DEBUG_INFORMATION_FORMAT = "dwarf-with-dsym";
				ENABLE_NS_ASSERTIONS = NO;
				ENABLE_STRICT_OBJC_MSGSEND = YES;
				GCC_C_LANGUAGE_STANDARD = gnu99;
				GCC_NO_COMMON_BLOCKS = YES;
				GCC_WARN_64_TO_32_BIT_CONVERSION = YES;
				GCC_WARN_ABOUT_RETURN_TYPE = YES_ERROR;
				GCC_WARN_UNDECLARED_SELECTOR = YES;
				GCC_WARN_UNINITIALIZED_AUTOS = YES_AGGRESSIVE;
				GCC_WARN_UNUSED_FUNCTION = YES;
				GCC_WARN_UNUSED_VARIABLE = YES;
				IPHONEOS_DEPLOYMENT_TARGET = 9.3;
				MTL_ENABLE_DEBUG_INFO = NO;
				SDKROOT = iphoneos;
				TARGETED_DEVICE_FAMILY = "1,2";
				VALIDATE_PRODUCT = YES;
			};
			name = Release;
		};
		A10AE5C71CD07CF200EB89A3 /* Debug */ = {
			isa = XCBuildConfiguration;
			buildSettings = {
				ASSETCATALOG_COMPILER_APPICON_NAME = AppIcon;
				INFOPLIST_FILE = NWDropDownMenu/Info.plist;
				LD_RUNPATH_SEARCH_PATHS = "$(inherited) @executable_path/Frameworks";
				PRODUCT_BUNDLE_IDENTIFIER = com.connehealth.NWDropDownMenu;
				PRODUCT_NAME = "$(TARGET_NAME)";
			};
			name = Debug;
		};
		A10AE5C81CD07CF200EB89A3 /* Release */ = {
			isa = XCBuildConfiguration;
			buildSettings = {
				ASSETCATALOG_COMPILER_APPICON_NAME = AppIcon;
				INFOPLIST_FILE = NWDropDownMenu/Info.plist;
				LD_RUNPATH_SEARCH_PATHS = "$(inherited) @executable_path/Frameworks";
				PRODUCT_BUNDLE_IDENTIFIER = com.connehealth.NWDropDownMenu;
				PRODUCT_NAME = "$(TARGET_NAME)";
			};
			name = Release;
		};
/* End XCBuildConfiguration section */

/* Begin XCConfigurationList section */
		A10AE5AA1CD07CF200EB89A3 /* Build configuration list for PBXProject "NWDropDownMenu" */ = {
			isa = XCConfigurationList;
			buildConfigurations = (
				A10AE5C41CD07CF200EB89A3 /* Debug */,
				A10AE5C51CD07CF200EB89A3 /* Release */,
			);
			defaultConfigurationIsVisible = 0;
			defaultConfigurationName = Release;
		};
		A10AE5C61CD07CF200EB89A3 /* Build configuration list for PBXNativeTarget "NWDropDownMenu" */ = {
			isa = XCConfigurationList;
			buildConfigurations = (
				A10AE5C71CD07CF200EB89A3 /* Debug */,
				A10AE5C81CD07CF200EB89A3 /* Release */,
			);
			defaultConfigurationIsVisible = 0;
		};
/* End XCConfigurationList section */
	};
	rootObject = A10AE5A71CD07CF200EB89A3 /* Project object */;
}
